
Microsoft Visual Studio Solution File, Format Version 12.00
# Visual Studio Version 16
VisualStudioVersion = 25.0.1705.0
MinimumVisualStudioVersion = 10.0.40219.1
Project("{FAE04EC0-301F-11D3-BF4B-00C04F79EFBC}") = "pertemuan10", "pertemuan10\pertemuan10.csproj", "{01ECC079-4761-48E1-8AA4-7B322A87E5F6}"
EndProject
Global
	GlobalSection(SolutionConfigurationPlatforms) = preSolution
		Debug|Any CPU = Debug|Any CPU
		Release|Any CPU = Release|Any CPU
	EndGlobalSection
	GlobalSection(ProjectConfigurationPlatforms) = postSolution
		{01ECC079-4761-48E1-8AA4-7B322A87E5F6}.Debug|Any CPU.ActiveCfg = Debug|Any CPU
		{01ECC079-4761-48E1-8AA4-7B322A87E5F6}.Debug|Any CPU.Build.0 = Debug|Any CPU
		{01ECC079-4761-48E1-8AA4-7B322A87E5F6}.Release|Any CPU.ActiveCfg = Release|Any CPU
		{01ECC079-4761-48E1-8AA4-7B322A87E5F6}.Release|Any CPU.Build.0 = Release|Any CPU
	EndGlobalSection
	GlobalSection(SolutionProperties) = preSolution
		HideSolutionNode = FALSE
	EndGlobalSection
	GlobalSection(ExtensibilityGlobals) = postSolution
		SolutionGuid = {3BB1B1D5-13EC-40FC-9093-B00B09CB4CC0}
	EndGlobalSection
EndGlobal
